
Microsoft Visual Studio Solution File, Format Version 12.00
# Visual Studio 15
VisualStudioVersion = 15.0.28307.902
MinimumVisualStudioVersion = 10.0.40219.1
Project("{FAE04EC0-301F-11D3-BF4B-00C04F79EFBC}") = "ConsoleAppTest", "ConsoleAppTest\ConsoleAppTest.csproj", "{7E3AB289-5B9F-47DC-862A-B1D40540A765}"
EndProject
Global
	GlobalSection(SolutionConfigurationPlatforms) = preSolution
		Debug|Any CPU = Debug|Any CPU
		Release|Any CPU = Release|Any CPU
	EndGlobalSection
	GlobalSection(ProjectConfigurationPlatforms) = postSolution
		{7E3AB289-5B9F-47DC-862A-B1D40540A765}.Debug|Any CPU.ActiveCfg = Debug|Any CPU
		{7E3AB289-5B9F-47DC-862A-B1D40540A765}.Debug|Any CPU.Build.0 = Debug|Any CPU
		{7E3AB289-5B9F-47DC-862A-B1D40540A765}.Release|Any CPU.ActiveCfg = Release|Any CPU
		{7E3AB289-5B9F-47DC-862A-B1D40540A765}.Release|Any CPU.Build.0 = Release|Any CPU
	EndGlobalSection
	GlobalSection(SolutionProperties) = preSolution
		HideSolutionNode = FALSE
	EndGlobalSection
	GlobalSection(ExtensibilityGlobals) = postSolution
		SolutionGuid = {C7BAB2DB-D887-4C0E-A330-53BAE9735FFC}
	EndGlobalSection
EndGlobal
